// !$*UTF8*$!
{
	archiveVersion = 1;
	classes = {
	};
	objectVersion = 55;
	objects = {

/* Begin PBXBuildFile section */
		5F01D2D7279FA5C2000F4DF9 /* FeedStoreSpecs.swift in Sources */ = {isa = PBXBuildFile; fileRef = 5F01D2D6279FA5C2000F4DF9 /* FeedStoreSpecs.swift */; };
		5F01D2D9279FA642000F4DF9 /* XCTestCase+FeedStoreSpecs.swift in Sources */ = {isa = PBXBuildFile; fileRef = 5F01D2D8279FA642000F4DF9 /* XCTestCase+FeedStoreSpecs.swift */; };
		5F115CE2279DB06D008559DD /* CodableFeedStore.swift in Sources */ = {isa = PBXBuildFile; fileRef = 5F115CE1279DB06D008559DD /* CodableFeedStore.swift */; };
		5F12DEFD2797ABA30067D5AE /* ValidateFeedCacheUseCaseTests.swift in Sources */ = {isa = PBXBuildFile; fileRef = 5F12DEFC2797ABA30067D5AE /* ValidateFeedCacheUseCaseTests.swift */; };
		5F12DEFF2797B1D80067D5AE /* FeedCacheTestHelpers.swift in Sources */ = {isa = PBXBuildFile; fileRef = 5F12DEFE2797B1D80067D5AE /* FeedCacheTestHelpers.swift */; };
		5F12DF012797B2980067D5AE /* SharedTestHelpers.swift in Sources */ = {isa = PBXBuildFile; fileRef = 5F12DF002797B2980067D5AE /* SharedTestHelpers.swift */; };
		5F12DF032797C7380067D5AE /* FeedCachePolicy.swift in Sources */ = {isa = PBXBuildFile; fileRef = 5F12DF022797C7380067D5AE /* FeedCachePolicy.swift */; };
		5F15FE6B278EA8110004B099 /* RemoteFeedItem.swift in Sources */ = {isa = PBXBuildFile; fileRef = 5F15FE6A278EA8110004B099 /* RemoteFeedItem.swift */; };
		5F15FE6D278EA8390004B099 /* LocalFeedImage.swift in Sources */ = {isa = PBXBuildFile; fileRef = 5F15FE6C278EA8390004B099 /* LocalFeedImage.swift */; };
		5F49D4DA2786A1A100281BA4 /* LocalFeedLoader.swift in Sources */ = {isa = PBXBuildFile; fileRef = 5F49D4D92786A1A100281BA4 /* LocalFeedLoader.swift */; };
		5F49D4DC2786A22A00281BA4 /* FeedStore.swift in Sources */ = {isa = PBXBuildFile; fileRef = 5F49D4DB2786A22A00281BA4 /* FeedStore.swift */; };
		5F4DD5E92760C7A100CF7FD0 /* FeeItem.swift in Sources */ = {isa = PBXBuildFile; fileRef = 5F4DD5E82760C7A100CF7FD0 /* FeeItem.swift */; };
		5F4DD5EB2760C7AB00CF7FD0 /* FeedLoader.swift in Sources */ = {isa = PBXBuildFile; fileRef = 5F4DD5EA2760C7AB00CF7FD0 /* FeedLoader.swift */; };
		5F4DD5ED2760DB9000CF7FD0 /* LoadFeedFromRemoteUseCaseTests.swift in Sources */ = {isa = PBXBuildFile; fileRef = 5F4DD5EC2760DB9000CF7FD0 /* LoadFeedFromRemoteUseCaseTests.swift */; };
		5F4DD5F02761142100CF7FD0 /* RemoteFeedLoader.swift in Sources */ = {isa = PBXBuildFile; fileRef = 5F4DD5EF2761142100CF7FD0 /* RemoteFeedLoader.swift */; };
		5F78B05A2785853D00211130 /* CacheFeedUseCaseTests.swift in Sources */ = {isa = PBXBuildFile; fileRef = 5F78B0592785853D00211130 /* CacheFeedUseCaseTests.swift */; };
		5F8180E8277C02EC0011C4B7 /* XCTestCase+MemoryLeakTracking.swift in Sources */ = {isa = PBXBuildFile; fileRef = 5F8180E7277C02EC0011C4B7 /* XCTestCase+MemoryLeakTracking.swift */; };
		5F8180EB277CC06B0011C4B7 /* URLSessionHTTPClient.swift in Sources */ = {isa = PBXBuildFile; fileRef = 5F8180E9277CC0550011C4B7 /* URLSessionHTTPClient.swift */; };
		5F8F8F082760B5B500585953 /* AppDelegate.swift in Sources */ = {isa = PBXBuildFile; fileRef = 5F8F8F072760B5B500585953 /* AppDelegate.swift */; };
		5F8F8F0A2760B5B500585953 /* SceneDelegate.swift in Sources */ = {isa = PBXBuildFile; fileRef = 5F8F8F092760B5B500585953 /* SceneDelegate.swift */; };
		5F8F8F0F2760B5B500585953 /* Main.storyboard in Resources */ = {isa = PBXBuildFile; fileRef = 5F8F8F0D2760B5B500585953 /* Main.storyboard */; };
		5F8F8F112760B5B700585953 /* Assets.xcassets in Resources */ = {isa = PBXBuildFile; fileRef = 5F8F8F102760B5B700585953 /* Assets.xcassets */; };
		5F8F8F142760B5B700585953 /* LaunchScreen.storyboard in Resources */ = {isa = PBXBuildFile; fileRef = 5F8F8F122760B5B700585953 /* LaunchScreen.storyboard */; };
		5FA00238277EAF420015BF25 /* EssentialFeedAPIEndToEndTests.swift in Sources */ = {isa = PBXBuildFile; fileRef = 5FA00237277EAF420015BF25 /* EssentialFeedAPIEndToEndTests.swift */; };
		5FA0023E277EB4B30015BF25 /* XCTestCase+MemoryLeakTracking.swift in Sources */ = {isa = PBXBuildFile; fileRef = 5F8180E7277C02EC0011C4B7 /* XCTestCase+MemoryLeakTracking.swift */; };
		5FB1FD052795142700700313 /* LoadFeedFromCacheUseCaseTests.swift in Sources */ = {isa = PBXBuildFile; fileRef = 5FB1FD042795142700700313 /* LoadFeedFromCacheUseCaseTests.swift */; };
		5FB1FD082795156C00700313 /* FeedStoreSpy.swift in Sources */ = {isa = PBXBuildFile; fileRef = 5FB1FD072795156C00700313 /* FeedStoreSpy.swift */; };
		5FC29F352762AE34006E0630 /* HTTPClient.swift in Sources */ = {isa = PBXBuildFile; fileRef = 5FC29F342762AE34006E0630 /* HTTPClient.swift */; };
		5FC29F372762AE9D006E0630 /* FeedItemMapper.swift in Sources */ = {isa = PBXBuildFile; fileRef = 5FC29F362762AE9D006E0630 /* FeedItemMapper.swift */; };
		5FC84095279B961C0050E1C4 /* CodableFeedStoreTests.swift in Sources */ = {isa = PBXBuildFile; fileRef = 5FC84094279B961C0050E1C4 /* CodableFeedStoreTests.swift */; };
		5FF7AE6C276FA04C00C90B8B /* URLSessionHTTPClientTests.swift in Sources */ = {isa = PBXBuildFile; fileRef = 5FF7AE6B276FA04C00C90B8B /* URLSessionHTTPClientTests.swift */; };
/* End PBXBuildFile section */

/* Begin PBXContainerItemProxy section */
		5F8F8F1B2760B5B700585953 /* PBXContainerItemProxy */ = {
			isa = PBXContainerItemProxy;
			containerPortal = 5F8F8EFC2760B5B500585953 /* Project object */;
			proxyType = 1;
			remoteGlobalIDString = 5F8F8F032760B5B500585953;
			remoteInfo = EssentialFeed;
		};
		5F8F8F252760B5B700585953 /* PBXContainerItemProxy */ = {
			isa = PBXContainerItemProxy;
			containerPortal = 5F8F8EFC2760B5B500585953 /* Project object */;
			proxyType = 1;
			remoteGlobalIDString = 5F8F8F032760B5B500585953;
			remoteInfo = EssentialFeed;
		};
		5FA00239277EAF420015BF25 /* PBXContainerItemProxy */ = {
			isa = PBXContainerItemProxy;
			containerPortal = 5F8F8EFC2760B5B500585953 /* Project object */;
			proxyType = 1;
			remoteGlobalIDString = 5F8F8F032760B5B500585953;
			remoteInfo = EssentialFeed;
		};
/* End PBXContainerItemProxy section */

/* Begin PBXFileReference section */
		5F01D2D6279FA5C2000F4DF9 /* FeedStoreSpecs.swift */ = {isa = PBXFileReference; lastKnownFileType = sourcecode.swift; path = FeedStoreSpecs.swift; sourceTree = "<group>"; };
		5F01D2D8279FA642000F4DF9 /* XCTestCase+FeedStoreSpecs.swift */ = {isa = PBXFileReference; lastKnownFileType = sourcecode.swift; path = "XCTestCase+FeedStoreSpecs.swift"; sourceTree = "<group>"; };
		5F115CE1279DB06D008559DD /* CodableFeedStore.swift */ = {isa = PBXFileReference; lastKnownFileType = sourcecode.swift; path = CodableFeedStore.swift; sourceTree = "<group>"; };
		5F12DEFC2797ABA30067D5AE /* ValidateFeedCacheUseCaseTests.swift */ = {isa = PBXFileReference; lastKnownFileType = sourcecode.swift; path = ValidateFeedCacheUseCaseTests.swift; sourceTree = "<group>"; };
		5F12DEFE2797B1D80067D5AE /* FeedCacheTestHelpers.swift */ = {isa = PBXFileReference; lastKnownFileType = sourcecode.swift; path = FeedCacheTestHelpers.swift; sourceTree = "<group>"; };
		5F12DF002797B2980067D5AE /* SharedTestHelpers.swift */ = {isa = PBXFileReference; lastKnownFileType = sourcecode.swift; path = SharedTestHelpers.swift; sourceTree = "<group>"; };
		5F12DF022797C7380067D5AE /* FeedCachePolicy.swift */ = {isa = PBXFileReference; lastKnownFileType = sourcecode.swift; path = FeedCachePolicy.swift; sourceTree = "<group>"; };
		5F15FE6A278EA8110004B099 /* RemoteFeedItem.swift */ = {isa = PBXFileReference; lastKnownFileType = sourcecode.swift; path = RemoteFeedItem.swift; sourceTree = "<group>"; };
		5F15FE6C278EA8390004B099 /* LocalFeedImage.swift */ = {isa = PBXFileReference; lastKnownFileType = sourcecode.swift; path = LocalFeedImage.swift; sourceTree = "<group>"; };
		5F49D4D92786A1A100281BA4 /* LocalFeedLoader.swift */ = {isa = PBXFileReference; lastKnownFileType = sourcecode.swift; path = LocalFeedLoader.swift; sourceTree = "<group>"; };
		5F49D4DB2786A22A00281BA4 /* FeedStore.swift */ = {isa = PBXFileReference; lastKnownFileType = sourcecode.swift; path = FeedStore.swift; sourceTree = "<group>"; };
		5F4DD5E82760C7A100CF7FD0 /* FeeItem.swift */ = {isa = PBXFileReference; lastKnownFileType = sourcecode.swift; path = FeeItem.swift; sourceTree = "<group>"; };
		5F4DD5EA2760C7AB00CF7FD0 /* FeedLoader.swift */ = {isa = PBXFileReference; lastKnownFileType = sourcecode.swift; path = FeedLoader.swift; sourceTree = "<group>"; };
		5F4DD5EC2760DB9000CF7FD0 /* LoadFeedFromRemoteUseCaseTests.swift */ = {isa = PBXFileReference; lastKnownFileType = sourcecode.swift; path = LoadFeedFromRemoteUseCaseTests.swift; sourceTree = "<group>"; };
		5F4DD5EF2761142100CF7FD0 /* RemoteFeedLoader.swift */ = {isa = PBXFileReference; lastKnownFileType = sourcecode.swift; path = RemoteFeedLoader.swift; sourceTree = "<group>"; };
		5F78B0592785853D00211130 /* CacheFeedUseCaseTests.swift */ = {isa = PBXFileReference; lastKnownFileType = sourcecode.swift; path = CacheFeedUseCaseTests.swift; sourceTree = "<group>"; };
		5F8180E7277C02EC0011C4B7 /* XCTestCase+MemoryLeakTracking.swift */ = {isa = PBXFileReference; lastKnownFileType = sourcecode.swift; path = "XCTestCase+MemoryLeakTracking.swift"; sourceTree = "<group>"; };
		5F8180E9277CC0550011C4B7 /* URLSessionHTTPClient.swift */ = {isa = PBXFileReference; lastKnownFileType = sourcecode.swift; path = URLSessionHTTPClient.swift; sourceTree = "<group>"; };
		5F8F8F042760B5B500585953 /* EssentialFeed.app */ = {isa = PBXFileReference; explicitFileType = wrapper.application; includeInIndex = 0; path = EssentialFeed.app; sourceTree = BUILT_PRODUCTS_DIR; };
		5F8F8F072760B5B500585953 /* AppDelegate.swift */ = {isa = PBXFileReference; lastKnownFileType = sourcecode.swift; path = AppDelegate.swift; sourceTree = "<group>"; };
		5F8F8F092760B5B500585953 /* SceneDelegate.swift */ = {isa = PBXFileReference; lastKnownFileType = sourcecode.swift; path = SceneDelegate.swift; sourceTree = "<group>"; };
		5F8F8F0E2760B5B500585953 /* Base */ = {isa = PBXFileReference; lastKnownFileType = file.storyboard; name = Base; path = Base.lproj/Main.storyboard; sourceTree = "<group>"; };
		5F8F8F102760B5B700585953 /* Assets.xcassets */ = {isa = PBXFileReference; lastKnownFileType = folder.assetcatalog; path = Assets.xcassets; sourceTree = "<group>"; };
		5F8F8F132760B5B700585953 /* Base */ = {isa = PBXFileReference; lastKnownFileType = file.storyboard; name = Base; path = Base.lproj/LaunchScreen.storyboard; sourceTree = "<group>"; };
		5F8F8F152760B5B700585953 /* Info.plist */ = {isa = PBXFileReference; lastKnownFileType = text.plist.xml; path = Info.plist; sourceTree = "<group>"; };
		5F8F8F1A2760B5B700585953 /* EssentialFeedTests.xctest */ = {isa = PBXFileReference; explicitFileType = wrapper.cfbundle; includeInIndex = 0; path = EssentialFeedTests.xctest; sourceTree = BUILT_PRODUCTS_DIR; };
		5F8F8F242760B5B700585953 /* EssentialFeedUITests.xctest */ = {isa = PBXFileReference; explicitFileType = wrapper.cfbundle; includeInIndex = 0; path = EssentialFeedUITests.xctest; sourceTree = BUILT_PRODUCTS_DIR; };
		5FA00235277EAF420015BF25 /* EssentialFeedAPIEndToEndTests.xctest */ = {isa = PBXFileReference; explicitFileType = wrapper.cfbundle; includeInIndex = 0; path = EssentialFeedAPIEndToEndTests.xctest; sourceTree = BUILT_PRODUCTS_DIR; };
		5FA00237277EAF420015BF25 /* EssentialFeedAPIEndToEndTests.swift */ = {isa = PBXFileReference; lastKnownFileType = sourcecode.swift; path = EssentialFeedAPIEndToEndTests.swift; sourceTree = "<group>"; };
		5FB1FD042795142700700313 /* LoadFeedFromCacheUseCaseTests.swift */ = {isa = PBXFileReference; lastKnownFileType = sourcecode.swift; path = LoadFeedFromCacheUseCaseTests.swift; sourceTree = "<group>"; };
		5FB1FD072795156C00700313 /* FeedStoreSpy.swift */ = {isa = PBXFileReference; lastKnownFileType = sourcecode.swift; path = FeedStoreSpy.swift; sourceTree = "<group>"; };
		5FC29F342762AE34006E0630 /* HTTPClient.swift */ = {isa = PBXFileReference; lastKnownFileType = sourcecode.swift; path = HTTPClient.swift; sourceTree = "<group>"; };
		5FC29F362762AE9D006E0630 /* FeedItemMapper.swift */ = {isa = PBXFileReference; lastKnownFileType = sourcecode.swift; path = FeedItemMapper.swift; sourceTree = "<group>"; };
		5FC84094279B961C0050E1C4 /* CodableFeedStoreTests.swift */ = {isa = PBXFileReference; lastKnownFileType = sourcecode.swift; path = CodableFeedStoreTests.swift; sourceTree = "<group>"; };
		5FF7AE6B276FA04C00C90B8B /* URLSessionHTTPClientTests.swift */ = {isa = PBXFileReference; lastKnownFileType = sourcecode.swift; path = URLSessionHTTPClientTests.swift; sourceTree = "<group>"; };
/* End PBXFileReference section */

/* Begin PBXFrameworksBuildPhase section */
		5F8F8F012760B5B500585953 /* Frameworks */ = {
			isa = PBXFrameworksBuildPhase;
			buildActionMask = 2147483647;
			files = (
			);
			runOnlyForDeploymentPostprocessing = 0;
		};
		5F8F8F172760B5B700585953 /* Frameworks */ = {
			isa = PBXFrameworksBuildPhase;
			buildActionMask = 2147483647;
			files = (
			);
			runOnlyForDeploymentPostprocessing = 0;
		};
		5F8F8F212760B5B700585953 /* Frameworks */ = {
			isa = PBXFrameworksBuildPhase;
			buildActionMask = 2147483647;
			files = (
			);
			runOnlyForDeploymentPostprocessing = 0;
		};
		5FA00232277EAF420015BF25 /* Frameworks */ = {
			isa = PBXFrameworksBuildPhase;
			buildActionMask = 2147483647;
			files = (
			);
			runOnlyForDeploymentPostprocessing = 0;
		};
/* End PBXFrameworksBuildPhase section */

/* Begin PBXGroup section */
		5F49D4D82786A18A00281BA4 /* Feed Cache */ = {
			isa = PBXGroup;
			children = (
				5F49D4DB2786A22A00281BA4 /* FeedStore.swift */,
				5F49D4D92786A1A100281BA4 /* LocalFeedLoader.swift */,
				5F15FE6C278EA8390004B099 /* LocalFeedImage.swift */,
				5F12DF022797C7380067D5AE /* FeedCachePolicy.swift */,
				5F115CE1279DB06D008559DD /* CodableFeedStore.swift */,
			);
			path = "Feed Cache";
			sourceTree = "<group>";
		};
		5F4DD5E72760C77F00CF7FD0 /* Feed Feature */ = {
			isa = PBXGroup;
			children = (
				5F4DD5E82760C7A100CF7FD0 /* FeeItem.swift */,
				5F4DD5EA2760C7AB00CF7FD0 /* FeedLoader.swift */,
			);
			path = "Feed Feature";
			sourceTree = "<group>";
		};
		5F4DD5EE2761141200CF7FD0 /* Feed API */ = {
			isa = PBXGroup;
			children = (
				5FC29F342762AE34006E0630 /* HTTPClient.swift */,
				5F4DD5EF2761142100CF7FD0 /* RemoteFeedLoader.swift */,
				5FC29F362762AE9D006E0630 /* FeedItemMapper.swift */,
				5F8180E9277CC0550011C4B7 /* URLSessionHTTPClient.swift */,
				5F15FE6A278EA8110004B099 /* RemoteFeedItem.swift */,
			);
			path = "Feed API";
			sourceTree = "<group>";
		};
		5F78B0582785852200211130 /* Feed Cache */ = {
			isa = PBXGroup;
			children = (
				5FB1FD062795155E00700313 /* Helpers */,
				5F78B0592785853D00211130 /* CacheFeedUseCaseTests.swift */,
				5FB1FD042795142700700313 /* LoadFeedFromCacheUseCaseTests.swift */,
				5F12DEFC2797ABA30067D5AE /* ValidateFeedCacheUseCaseTests.swift */,
				5FC84094279B961C0050E1C4 /* CodableFeedStoreTests.swift */,
				5F01D2D6279FA5C2000F4DF9 /* FeedStoreSpecs.swift */,
				5F01D2D8279FA642000F4DF9 /* XCTestCase+FeedStoreSpecs.swift */,
			);
			path = "Feed Cache";
			sourceTree = "<group>";
		};
		5F8180E6277C02C90011C4B7 /* Helpers */ = {
			isa = PBXGroup;
			children = (
				5F8180E7277C02EC0011C4B7 /* XCTestCase+MemoryLeakTracking.swift */,
				5F12DF002797B2980067D5AE /* SharedTestHelpers.swift */,
			);
			path = Helpers;
			sourceTree = "<group>";
		};
		5F8F8EFB2760B5B500585953 = {
			isa = PBXGroup;
			children = (
				5F8F8F062760B5B500585953 /* EssentialFeed */,
				5F8F8F1D2760B5B700585953 /* EssentialFeedTests */,
				5FA00236277EAF420015BF25 /* EssentialFeedAPIEndToEndTests */,
				5F8F8F052760B5B500585953 /* Products */,
			);
			sourceTree = "<group>";
		};
		5F8F8F052760B5B500585953 /* Products */ = {
			isa = PBXGroup;
			children = (
				5F8F8F042760B5B500585953 /* EssentialFeed.app */,
				5F8F8F1A2760B5B700585953 /* EssentialFeedTests.xctest */,
				5F8F8F242760B5B700585953 /* EssentialFeedUITests.xctest */,
				5FA00235277EAF420015BF25 /* EssentialFeedAPIEndToEndTests.xctest */,
			);
			name = Products;
			sourceTree = "<group>";
		};
		5F8F8F062760B5B500585953 /* EssentialFeed */ = {
			isa = PBXGroup;
			children = (
				5F8F8F072760B5B500585953 /* AppDelegate.swift */,
				5F8F8F092760B5B500585953 /* SceneDelegate.swift */,
				5F8F8F0D2760B5B500585953 /* Main.storyboard */,
				5F8F8F102760B5B700585953 /* Assets.xcassets */,
				5F8F8F122760B5B700585953 /* LaunchScreen.storyboard */,
				5F8F8F152760B5B700585953 /* Info.plist */,
				5F4DD5E72760C77F00CF7FD0 /* Feed Feature */,
				5F4DD5EE2761141200CF7FD0 /* Feed API */,
				5F49D4D82786A18A00281BA4 /* Feed Cache */,
			);
			path = EssentialFeed;
			sourceTree = "<group>";
		};
		5F8F8F1D2760B5B700585953 /* EssentialFeedTests */ = {
			isa = PBXGroup;
			children = (
				5F8180E6277C02C90011C4B7 /* Helpers */,
				5F78B0582785852200211130 /* Feed Cache */,
				5FC29F382762B571006E0630 /* Feed API */,
			);
			path = EssentialFeedTests;
			sourceTree = "<group>";
		};
		5FA00236277EAF420015BF25 /* EssentialFeedAPIEndToEndTests */ = {
			isa = PBXGroup;
			children = (
				5FA00237277EAF420015BF25 /* EssentialFeedAPIEndToEndTests.swift */,
			);
			path = EssentialFeedAPIEndToEndTests;
			sourceTree = "<group>";
		};
		5FB1FD062795155E00700313 /* Helpers */ = {
			isa = PBXGroup;
			children = (
				5FB1FD072795156C00700313 /* FeedStoreSpy.swift */,
				5F12DEFE2797B1D80067D5AE /* FeedCacheTestHelpers.swift */,
			);
			path = Helpers;
			sourceTree = "<group>";
		};
		5FC29F382762B571006E0630 /* Feed API */ = {
			isa = PBXGroup;
			children = (
				5F4DD5EC2760DB9000CF7FD0 /* LoadFeedFromRemoteUseCaseTests.swift */,
				5FF7AE6B276FA04C00C90B8B /* URLSessionHTTPClientTests.swift */,
			);
			path = "Feed API";
			sourceTree = "<group>";
		};
/* End PBXGroup section */

/* Begin PBXNativeTarget section */
		5F8F8F032760B5B500585953 /* EssentialFeed */ = {
			isa = PBXNativeTarget;
			buildConfigurationList = 5F8F8F2E2760B5B700585953 /* Build configuration list for PBXNativeTarget "EssentialFeed" */;
			buildPhases = (
				5F8F8F002760B5B500585953 /* Sources */,
				5F8F8F012760B5B500585953 /* Frameworks */,
				5F8F8F022760B5B500585953 /* Resources */,
			);
			buildRules = (
			);
			dependencies = (
			);
			name = EssentialFeed;
			productName = EssentialFeed;
			productReference = 5F8F8F042760B5B500585953 /* EssentialFeed.app */;
			productType = "com.apple.product-type.application";
		};
		5F8F8F192760B5B700585953 /* EssentialFeedTests */ = {
			isa = PBXNativeTarget;
			buildConfigurationList = 5F8F8F312760B5B700585953 /* Build configuration list for PBXNativeTarget "EssentialFeedTests" */;
			buildPhases = (
				5F8F8F162760B5B700585953 /* Sources */,
				5F8F8F172760B5B700585953 /* Frameworks */,
				5F8F8F182760B5B700585953 /* Resources */,
			);
			buildRules = (
			);
			dependencies = (
				5F8F8F1C2760B5B700585953 /* PBXTargetDependency */,
			);
			name = EssentialFeedTests;
			productName = EssentialFeedTests;
			productReference = 5F8F8F1A2760B5B700585953 /* EssentialFeedTests.xctest */;
			productType = "com.apple.product-type.bundle.unit-test";
		};
		5F8F8F232760B5B700585953 /* EssentialFeedUITests */ = {
			isa = PBXNativeTarget;
			buildConfigurationList = 5F8F8F342760B5B700585953 /* Build configuration list for PBXNativeTarget "EssentialFeedUITests" */;
			buildPhases = (
				5F8F8F202760B5B700585953 /* Sources */,
				5F8F8F212760B5B700585953 /* Frameworks */,
				5F8F8F222760B5B700585953 /* Resources */,
			);
			buildRules = (
			);
			dependencies = (
				5F8F8F262760B5B700585953 /* PBXTargetDependency */,
			);
			name = EssentialFeedUITests;
			productName = EssentialFeedUITests;
			productReference = 5F8F8F242760B5B700585953 /* EssentialFeedUITests.xctest */;
			productType = "com.apple.product-type.bundle.ui-testing";
		};
		5FA00234277EAF420015BF25 /* EssentialFeedAPIEndToEndTests */ = {
			isa = PBXNativeTarget;
			buildConfigurationList = 5FA0023D277EAF420015BF25 /* Build configuration list for PBXNativeTarget "EssentialFeedAPIEndToEndTests" */;
			buildPhases = (
				5FA00231277EAF420015BF25 /* Sources */,
				5FA00232277EAF420015BF25 /* Frameworks */,
				5FA00233277EAF420015BF25 /* Resources */,
			);
			buildRules = (
			);
			dependencies = (
				5FA0023A277EAF420015BF25 /* PBXTargetDependency */,
			);
			name = EssentialFeedAPIEndToEndTests;
			productName = EssentialFeedAPIEndToEndTests;
			productReference = 5FA00235277EAF420015BF25 /* EssentialFeedAPIEndToEndTests.xctest */;
			productType = "com.apple.product-type.bundle.unit-test";
		};
/* End PBXNativeTarget section */

/* Begin PBXProject section */
		5F8F8EFC2760B5B500585953 /* Project object */ = {
			isa = PBXProject;
			attributes = {
				BuildIndependentTargetsInParallel = 1;
				LastSwiftUpdateCheck = 1310;
				LastUpgradeCheck = 1310;
				TargetAttributes = {
					5F8F8F032760B5B500585953 = {
						CreatedOnToolsVersion = 13.1;
					};
					5F8F8F192760B5B700585953 = {
						CreatedOnToolsVersion = 13.1;
						TestTargetID = 5F8F8F032760B5B500585953;
					};
					5F8F8F232760B5B700585953 = {
						CreatedOnToolsVersion = 13.1;
						TestTargetID = 5F8F8F032760B5B500585953;
					};
					5FA00234277EAF420015BF25 = {
						CreatedOnToolsVersion = 13.1;
						TestTargetID = 5F8F8F032760B5B500585953;
					};
				};
			};
			buildConfigurationList = 5F8F8EFF2760B5B500585953 /* Build configuration list for PBXProject "EssentialFeed" */;
			compatibilityVersion = "Xcode 13.0";
			developmentRegion = en;
			hasScannedForEncodings = 0;
			knownRegions = (
				en,
				Base,
			);
			mainGroup = 5F8F8EFB2760B5B500585953;
			productRefGroup = 5F8F8F052760B5B500585953 /* Products */;
			projectDirPath = "";
			projectRoot = "";
			targets = (
				5F8F8F032760B5B500585953 /* EssentialFeed */,
				5F8F8F192760B5B700585953 /* EssentialFeedTests */,
				5F8F8F232760B5B700585953 /* EssentialFeedUITests */,
				5FA00234277EAF420015BF25 /* EssentialFeedAPIEndToEndTests */,
			);
		};
/* End PBXProject section */

/* Begin PBXResourcesBuildPhase section */
		5F8F8F022760B5B500585953 /* Resources */ = {
			isa = PBXResourcesBuildPhase;
			buildActionMask = 2147483647;
			files = (
				5F8F8F142760B5B700585953 /* LaunchScreen.storyboard in Resources */,
				5F8F8F112760B5B700585953 /* Assets.xcassets in Resources */,
				5F8F8F0F2760B5B500585953 /* Main.storyboard in Resources */,
			);
			runOnlyForDeploymentPostprocessing = 0;
		};
		5F8F8F182760B5B700585953 /* Resources */ = {
			isa = PBXResourcesBuildPhase;
			buildActionMask = 2147483647;
			files = (
			);
			runOnlyForDeploymentPostprocessing = 0;
		};
		5F8F8F222760B5B700585953 /* Resources */ = {
			isa = PBXResourcesBuildPhase;
			buildActionMask = 2147483647;
			files = (
			);
			runOnlyForDeploymentPostprocessing = 0;
		};
		5FA00233277EAF420015BF25 /* Resources */ = {
			isa = PBXResourcesBuildPhase;
			buildActionMask = 2147483647;
			files = (
			);
			runOnlyForDeploymentPostprocessing = 0;
		};
/* End PBXResourcesBuildPhase section */

/* Begin PBXSourcesBuildPhase section */
		5F8F8F002760B5B500585953 /* Sources */ = {
			isa = PBXSourcesBuildPhase;
			buildActionMask = 2147483647;
			files = (
				5F4DD5E92760C7A100CF7FD0 /* FeeItem.swift in Sources */,
				5F12DF032797C7380067D5AE /* FeedCachePolicy.swift in Sources */,
				5F8F8F082760B5B500585953 /* AppDelegate.swift in Sources */,
				5FC29F352762AE34006E0630 /* HTTPClient.swift in Sources */,
				5F49D4DA2786A1A100281BA4 /* LocalFeedLoader.swift in Sources */,
				5F15FE6D278EA8390004B099 /* LocalFeedImage.swift in Sources */,
				5F8180EB277CC06B0011C4B7 /* URLSessionHTTPClient.swift in Sources */,
				5F49D4DC2786A22A00281BA4 /* FeedStore.swift in Sources */,
				5F115CE2279DB06D008559DD /* CodableFeedStore.swift in Sources */,
				5F4DD5EB2760C7AB00CF7FD0 /* FeedLoader.swift in Sources */,
				5F4DD5F02761142100CF7FD0 /* RemoteFeedLoader.swift in Sources */,
				5FC29F372762AE9D006E0630 /* FeedItemMapper.swift in Sources */,
				5F15FE6B278EA8110004B099 /* RemoteFeedItem.swift in Sources */,
				5F8F8F0A2760B5B500585953 /* SceneDelegate.swift in Sources */,
			);
			runOnlyForDeploymentPostprocessing = 0;
		};
		5F8F8F162760B5B700585953 /* Sources */ = {
			isa = PBXSourcesBuildPhase;
			buildActionMask = 2147483647;
			files = (
				5FC84095279B961C0050E1C4 /* CodableFeedStoreTests.swift in Sources */,
				5F12DEFF2797B1D80067D5AE /* FeedCacheTestHelpers.swift in Sources */,
				5F12DEFD2797ABA30067D5AE /* ValidateFeedCacheUseCaseTests.swift in Sources */,
				5F4DD5ED2760DB9000CF7FD0 /* LoadFeedFromRemoteUseCaseTests.swift in Sources */,
				5F8180E8277C02EC0011C4B7 /* XCTestCase+MemoryLeakTracking.swift in Sources */,
				5FB1FD082795156C00700313 /* FeedStoreSpy.swift in Sources */,
				5F12DF012797B2980067D5AE /* SharedTestHelpers.swift in Sources */,
				5F78B05A2785853D00211130 /* CacheFeedUseCaseTests.swift in Sources */,
				5FB1FD052795142700700313 /* LoadFeedFromCacheUseCaseTests.swift in Sources */,
				5F01D2D7279FA5C2000F4DF9 /* FeedStoreSpecs.swift in Sources */,
				5FF7AE6C276FA04C00C90B8B /* URLSessionHTTPClientTests.swift in Sources */,
				5F01D2D9279FA642000F4DF9 /* XCTestCase+FeedStoreSpecs.swift in Sources */,
			);
			runOnlyForDeploymentPostprocessing = 0;
		};
		5F8F8F202760B5B700585953 /* Sources */ = {
			isa = PBXSourcesBuildPhase;
			buildActionMask = 2147483647;
			files = (
			);
			runOnlyForDeploymentPostprocessing = 0;
		};
		5FA00231277EAF420015BF25 /* Sources */ = {
			isa = PBXSourcesBuildPhase;
			buildActionMask = 2147483647;
			files = (
				5FA00238277EAF420015BF25 /* EssentialFeedAPIEndToEndTests.swift in Sources */,
				5FA0023E277EB4B30015BF25 /* XCTestCase+MemoryLeakTracking.swift in Sources */,
			);
			runOnlyForDeploymentPostprocessing = 0;
		};
/* End PBXSourcesBuildPhase section */

/* Begin PBXTargetDependency section */
		5F8F8F1C2760B5B700585953 /* PBXTargetDependency */ = {
			isa = PBXTargetDependency;
			target = 5F8F8F032760B5B500585953 /* EssentialFeed */;
			targetProxy = 5F8F8F1B2760B5B700585953 /* PBXContainerItemProxy */;
		};
		5F8F8F262760B5B700585953 /* PBXTargetDependency */ = {
			isa = PBXTargetDependency;
			target = 5F8F8F032760B5B500585953 /* EssentialFeed */;
			targetProxy = 5F8F8F252760B5B700585953 /* PBXContainerItemProxy */;
		};
		5FA0023A277EAF420015BF25 /* PBXTargetDependency */ = {
			isa = PBXTargetDependency;
			target = 5F8F8F032760B5B500585953 /* EssentialFeed */;
			targetProxy = 5FA00239277EAF420015BF25 /* PBXContainerItemProxy */;
		};
/* End PBXTargetDependency section */

/* Begin PBXVariantGroup section */
		5F8F8F0D2760B5B500585953 /* Main.storyboard */ = {
			isa = PBXVariantGroup;
			children = (
				5F8F8F0E2760B5B500585953 /* Base */,
			);
			name = Main.storyboard;
			sourceTree = "<group>";
		};
		5F8F8F122760B5B700585953 /* LaunchScreen.storyboard */ = {
			isa = PBXVariantGroup;
			children = (
				5F8F8F132760B5B700585953 /* Base */,
			);
			name = LaunchScreen.storyboard;
			sourceTree = "<group>";
		};
/* End PBXVariantGroup section */

/* Begin XCBuildConfiguration section */
		5F8F8F2C2760B5B700585953 /* Debug */ = {
			isa = XCBuildConfiguration;
			buildSettings = {
				ALWAYS_SEARCH_USER_PATHS = NO;
				CLANG_ANALYZER_NONNULL = YES;
				CLANG_ANALYZER_NUMBER_OBJECT_CONVERSION = YES_AGGRESSIVE;
				CLANG_CXX_LANGUAGE_STANDARD = "gnu++17";
				CLANG_CXX_LIBRARY = "libc++";
				CLANG_ENABLE_MODULES = YES;
				CLANG_ENABLE_OBJC_ARC = YES;
				CLANG_ENABLE_OBJC_WEAK = YES;
				CLANG_WARN_BLOCK_CAPTURE_AUTORELEASING = YES;
				CLANG_WARN_BOOL_CONVERSION = YES;
				CLANG_WARN_COMMA = YES;
				CLANG_WARN_CONSTANT_CONVERSION = YES;
				CLANG_WARN_DEPRECATED_OBJC_IMPLEMENTATIONS = YES;
				CLANG_WARN_DIRECT_OBJC_ISA_USAGE = YES_ERROR;
				CLANG_WARN_DOCUMENTATION_COMMENTS = YES;
				CLANG_WARN_EMPTY_BODY = YES;
				CLANG_WARN_ENUM_CONVERSION = YES;
				CLANG_WARN_INFINITE_RECURSION = YES;
				CLANG_WARN_INT_CONVERSION = YES;
				CLANG_WARN_NON_LITERAL_NULL_CONVERSION = YES;
				CLANG_WARN_OBJC_IMPLICIT_RETAIN_SELF = YES;
				CLANG_WARN_OBJC_LITERAL_CONVERSION = YES;
				CLANG_WARN_OBJC_ROOT_CLASS = YES_ERROR;
				CLANG_WARN_QUOTED_INCLUDE_IN_FRAMEWORK_HEADER = YES;
				CLANG_WARN_RANGE_LOOP_ANALYSIS = YES;
				CLANG_WARN_STRICT_PROTOTYPES = YES;
				CLANG_WARN_SUSPICIOUS_MOVE = YES;
				CLANG_WARN_UNGUARDED_AVAILABILITY = YES_AGGRESSIVE;
				CLANG_WARN_UNREACHABLE_CODE = YES;
				CLANG_WARN__DUPLICATE_METHOD_MATCH = YES;
				COPY_PHASE_STRIP = NO;
				DEBUG_INFORMATION_FORMAT = dwarf;
				ENABLE_STRICT_OBJC_MSGSEND = YES;
				ENABLE_TESTABILITY = YES;
				GCC_C_LANGUAGE_STANDARD = gnu11;
				GCC_DYNAMIC_NO_PIC = NO;
				GCC_NO_COMMON_BLOCKS = YES;
				GCC_OPTIMIZATION_LEVEL = 0;
				GCC_PREPROCESSOR_DEFINITIONS = (
					"DEBUG=1",
					"$(inherited)",
				);
				GCC_WARN_64_TO_32_BIT_CONVERSION = YES;
				GCC_WARN_ABOUT_RETURN_TYPE = YES_ERROR;
				GCC_WARN_UNDECLARED_SELECTOR = YES;
				GCC_WARN_UNINITIALIZED_AUTOS = YES_AGGRESSIVE;
				GCC_WARN_UNUSED_FUNCTION = YES;
				GCC_WARN_UNUSED_VARIABLE = YES;
				IPHONEOS_DEPLOYMENT_TARGET = 15.0;
				MTL_ENABLE_DEBUG_INFO = INCLUDE_SOURCE;
				MTL_FAST_MATH = YES;
				ONLY_ACTIVE_ARCH = YES;
				SDKROOT = iphoneos;
				SWIFT_ACTIVE_COMPILATION_CONDITIONS = DEBUG;
				SWIFT_OPTIMIZATION_LEVEL = "-Onone";
			};
			name = Debug;
		};
		5F8F8F2D2760B5B700585953 /* Release */ = {
			isa = XCBuildConfiguration;
			buildSettings = {
				ALWAYS_SEARCH_USER_PATHS = NO;
				CLANG_ANALYZER_NONNULL = YES;
				CLANG_ANALYZER_NUMBER_OBJECT_CONVERSION = YES_AGGRESSIVE;
				CLANG_CXX_LANGUAGE_STANDARD = "gnu++17";
				CLANG_CXX_LIBRARY = "libc++";
				CLANG_ENABLE_MODULES = YES;
				CLANG_ENABLE_OBJC_ARC = YES;
				CLANG_ENABLE_OBJC_WEAK = YES;
				CLANG_WARN_BLOCK_CAPTURE_AUTORELEASING = YES;
				CLANG_WARN_BOOL_CONVERSION = YES;
				CLANG_WARN_COMMA = YES;
				CLANG_WARN_CONSTANT_CONVERSION = YES;
				CLANG_WARN_DEPRECATED_OBJC_IMPLEMENTATIONS = YES;
				CLANG_WARN_DIRECT_OBJC_ISA_USAGE = YES_ERROR;
				CLANG_WARN_DOCUMENTATION_COMMENTS = YES;
				CLANG_WARN_EMPTY_BODY = YES;
				CLANG_WARN_ENUM_CONVERSION = YES;
				CLANG_WARN_INFINITE_RECURSION = YES;
				CLANG_WARN_INT_CONVERSION = YES;
				CLANG_WARN_NON_LITERAL_NULL_CONVERSION = YES;
				CLANG_WARN_OBJC_IMPLICIT_RETAIN_SELF = YES;
				CLANG_WARN_OBJC_LITERAL_CONVERSION = YES;
				CLANG_WARN_OBJC_ROOT_CLASS = YES_ERROR;
				CLANG_WARN_QUOTED_INCLUDE_IN_FRAMEWORK_HEADER = YES;
				CLANG_WARN_RANGE_LOOP_ANALYSIS = YES;
				CLANG_WARN_STRICT_PROTOTYPES = YES;
				CLANG_WARN_SUSPICIOUS_MOVE = YES;
				CLANG_WARN_UNGUARDED_AVAILABILITY = YES_AGGRESSIVE;
				CLANG_WARN_UNREACHABLE_CODE = YES;
				CLANG_WARN__DUPLICATE_METHOD_MATCH = YES;
				COPY_PHASE_STRIP = NO;
				DEBUG_INFORMATION_FORMAT = "dwarf-with-dsym";
				ENABLE_NS_ASSERTIONS = NO;
				ENABLE_STRICT_OBJC_MSGSEND = YES;
				GCC_C_LANGUAGE_STANDARD = gnu11;
				GCC_NO_COMMON_BLOCKS = YES;
				GCC_WARN_64_TO_32_BIT_CONVERSION = YES;
				GCC_WARN_ABOUT_RETURN_TYPE = YES_ERROR;
				GCC_WARN_UNDECLARED_SELECTOR = YES;
				GCC_WARN_UNINITIALIZED_AUTOS = YES_AGGRESSIVE;
				GCC_WARN_UNUSED_FUNCTION = YES;
				GCC_WARN_UNUSED_VARIABLE = YES;
				IPHONEOS_DEPLOYMENT_TARGET = 15.0;
				MTL_ENABLE_DEBUG_INFO = NO;
				MTL_FAST_MATH = YES;
				SDKROOT = iphoneos;
				SWIFT_COMPILATION_MODE = wholemodule;
				SWIFT_OPTIMIZATION_LEVEL = "-O";
				VALIDATE_PRODUCT = YES;
			};
			name = Release;
		};
		5F8F8F2F2760B5B700585953 /* Debug */ = {
			isa = XCBuildConfiguration;
			buildSettings = {
				ASSETCATALOG_COMPILER_APPICON_NAME = AppIcon;
				ASSETCATALOG_COMPILER_GLOBAL_ACCENT_COLOR_NAME = AccentColor;
				CODE_SIGN_STYLE = Automatic;
				CURRENT_PROJECT_VERSION = 1;
				DEVELOPMENT_TEAM = 45RNLQKCV7;
				GENERATE_INFOPLIST_FILE = YES;
				INFOPLIST_FILE = EssentialFeed/Info.plist;
				INFOPLIST_KEY_UIApplicationSupportsIndirectInputEvents = YES;
				INFOPLIST_KEY_UILaunchStoryboardName = LaunchScreen;
				INFOPLIST_KEY_UIMainStoryboardFile = Main;
				INFOPLIST_KEY_UISupportedInterfaceOrientations_iPad = "UIInterfaceOrientationPortrait UIInterfaceOrientationPortraitUpsideDown UIInterfaceOrientationLandscapeLeft UIInterfaceOrientationLandscapeRight";
				INFOPLIST_KEY_UISupportedInterfaceOrientations_iPhone = "UIInterfaceOrientationPortrait UIInterfaceOrientationLandscapeLeft UIInterfaceOrientationLandscapeRight";
				LD_RUNPATH_SEARCH_PATHS = (
					"$(inherited)",
					"@executable_path/Frameworks",
				);
				MARKETING_VERSION = 1.0;
				PRODUCT_BUNDLE_IDENTIFIER = me.onuryoruk.EssentialFeed;
				PRODUCT_NAME = "$(TARGET_NAME)";
				SWIFT_EMIT_LOC_STRINGS = YES;
				SWIFT_VERSION = 5.0;
				TARGETED_DEVICE_FAMILY = "1,2";
			};
			name = Debug;
		};
		5F8F8F302760B5B700585953 /* Release */ = {
			isa = XCBuildConfiguration;
			buildSettings = {
				ASSETCATALOG_COMPILER_APPICON_NAME = AppIcon;
				ASSETCATALOG_COMPILER_GLOBAL_ACCENT_COLOR_NAME = AccentColor;
				CODE_SIGN_STYLE = Automatic;
				CURRENT_PROJECT_VERSION = 1;
				DEVELOPMENT_TEAM = 45RNLQKCV7;
				GENERATE_INFOPLIST_FILE = YES;
				INFOPLIST_FILE = EssentialFeed/Info.plist;
				INFOPLIST_KEY_UIApplicationSupportsIndirectInputEvents = YES;
				INFOPLIST_KEY_UILaunchStoryboardName = LaunchScreen;
				INFOPLIST_KEY_UIMainStoryboardFile = Main;
				INFOPLIST_KEY_UISupportedInterfaceOrientations_iPad = "UIInterfaceOrientationPortrait UIInterfaceOrientationPortraitUpsideDown UIInterfaceOrientationLandscapeLeft UIInterfaceOrientationLandscapeRight";
				INFOPLIST_KEY_UISupportedInterfaceOrientations_iPhone = "UIInterfaceOrientationPortrait UIInterfaceOrientationLandscapeLeft UIInterfaceOrientationLandscapeRight";
				LD_RUNPATH_SEARCH_PATHS = (
					"$(inherited)",
					"@executable_path/Frameworks",
				);
				MARKETING_VERSION = 1.0;
				PRODUCT_BUNDLE_IDENTIFIER = me.onuryoruk.EssentialFeed;
				PRODUCT_NAME = "$(TARGET_NAME)";
				SWIFT_EMIT_LOC_STRINGS = YES;
				SWIFT_VERSION = 5.0;
				TARGETED_DEVICE_FAMILY = "1,2";
			};
			name = Release;
		};
		5F8F8F322760B5B700585953 /* Debug */ = {
			isa = XCBuildConfiguration;
			buildSettings = {
				ALWAYS_EMBED_SWIFT_STANDARD_LIBRARIES = YES;
				BUNDLE_LOADER = "$(TEST_HOST)";
				CODE_SIGN_STYLE = Automatic;
				CURRENT_PROJECT_VERSION = 1;
				DEVELOPMENT_TEAM = 45RNLQKCV7;
				GENERATE_INFOPLIST_FILE = YES;
				IPHONEOS_DEPLOYMENT_TARGET = 15.0;
				LD_RUNPATH_SEARCH_PATHS = (
					"$(inherited)",
					"@executable_path/Frameworks",
					"@loader_path/Frameworks",
				);
				MARKETING_VERSION = 1.0;
				PRODUCT_BUNDLE_IDENTIFIER = me.onuryoruk.EssentialFeedTests;
				PRODUCT_NAME = "$(TARGET_NAME)";
				SWIFT_EMIT_LOC_STRINGS = NO;
				SWIFT_VERSION = 5.0;
				TARGETED_DEVICE_FAMILY = "1,2";
				TEST_HOST = "$(BUILT_PRODUCTS_DIR)/EssentialFeed.app/EssentialFeed";
			};
			name = Debug;
		};
		5F8F8F332760B5B700585953 /* Release */ = {
			isa = XCBuildConfiguration;
			buildSettings = {
				ALWAYS_EMBED_SWIFT_STANDARD_LIBRARIES = YES;
				BUNDLE_LOADER = "$(TEST_HOST)";
				CODE_SIGN_STYLE = Automatic;
				CURRENT_PROJECT_VERSION = 1;
				DEVELOPMENT_TEAM = 45RNLQKCV7;
				GENERATE_INFOPLIST_FILE = YES;
				IPHONEOS_DEPLOYMENT_TARGET = 15.0;
				LD_RUNPATH_SEARCH_PATHS = (
					"$(inherited)",
					"@executable_path/Frameworks",
					"@loader_path/Frameworks",
				);
				MARKETING_VERSION = 1.0;
				PRODUCT_BUNDLE_IDENTIFIER = me.onuryoruk.EssentialFeedTests;
				PRODUCT_NAME = "$(TARGET_NAME)";
				SWIFT_EMIT_LOC_STRINGS = NO;
				SWIFT_VERSION = 5.0;
				TARGETED_DEVICE_FAMILY = "1,2";
				TEST_HOST = "$(BUILT_PRODUCTS_DIR)/EssentialFeed.app/EssentialFeed";
			};
			name = Release;
		};
		5F8F8F352760B5B700585953 /* Debug */ = {
			isa = XCBuildConfiguration;
			buildSettings = {
				ALWAYS_EMBED_SWIFT_STANDARD_LIBRARIES = YES;
				CODE_SIGN_STYLE = Automatic;
				CURRENT_PROJECT_VERSION = 1;
				DEVELOPMENT_TEAM = 45RNLQKCV7;
				GENERATE_INFOPLIST_FILE = YES;
				LD_RUNPATH_SEARCH_PATHS = (
					"$(inherited)",
					"@executable_path/Frameworks",
					"@loader_path/Frameworks",
				);
				MARKETING_VERSION = 1.0;
				PRODUCT_BUNDLE_IDENTIFIER = me.onuryoruk.EssentialFeedUITests;
				PRODUCT_NAME = "$(TARGET_NAME)";
				SWIFT_EMIT_LOC_STRINGS = NO;
				SWIFT_VERSION = 5.0;
				TARGETED_DEVICE_FAMILY = "1,2";
				TEST_TARGET_NAME = EssentialFeed;
			};
			name = Debug;
		};
		5F8F8F362760B5B700585953 /* Release */ = {
			isa = XCBuildConfiguration;
			buildSettings = {
				ALWAYS_EMBED_SWIFT_STANDARD_LIBRARIES = YES;
				CODE_SIGN_STYLE = Automatic;
				CURRENT_PROJECT_VERSION = 1;
				DEVELOPMENT_TEAM = 45RNLQKCV7;
				GENERATE_INFOPLIST_FILE = YES;
				LD_RUNPATH_SEARCH_PATHS = (
					"$(inherited)",
					"@executable_path/Frameworks",
					"@loader_path/Frameworks",
				);
				MARKETING_VERSION = 1.0;
				PRODUCT_BUNDLE_IDENTIFIER = me.onuryoruk.EssentialFeedUITests;
				PRODUCT_NAME = "$(TARGET_NAME)";
				SWIFT_EMIT_LOC_STRINGS = NO;
				SWIFT_VERSION = 5.0;
				TARGETED_DEVICE_FAMILY = "1,2";
				TEST_TARGET_NAME = EssentialFeed;
			};
			name = Release;
		};
		5FA0023B277EAF420015BF25 /* Debug */ = {
			isa = XCBuildConfiguration;
			buildSettings = {
				BUNDLE_LOADER = "$(TEST_HOST)";
				CODE_SIGN_STYLE = Automatic;
				CURRENT_PROJECT_VERSION = 1;
				DEVELOPMENT_TEAM = 45RNLQKCV7;
				GENERATE_INFOPLIST_FILE = YES;
				LD_RUNPATH_SEARCH_PATHS = (
					"$(inherited)",
					"@executable_path/Frameworks",
					"@loader_path/Frameworks",
				);
				MARKETING_VERSION = 1.0;
				PRODUCT_BUNDLE_IDENTIFIER = me.onuryoruk.EssentialFeedAPIEndToEndTests;
				PRODUCT_NAME = "$(TARGET_NAME)";
				SWIFT_EMIT_LOC_STRINGS = NO;
				SWIFT_VERSION = 5.0;
				TARGETED_DEVICE_FAMILY = "1,2";
				TEST_HOST = "$(BUILT_PRODUCTS_DIR)/EssentialFeed.app/EssentialFeed";
			};
			name = Debug;
		};
		5FA0023C277EAF420015BF25 /* Release */ = {
			isa = XCBuildConfiguration;
			buildSettings = {
				BUNDLE_LOADER = "$(TEST_HOST)";
				CODE_SIGN_STYLE = Automatic;
				CURRENT_PROJECT_VERSION = 1;
				DEVELOPMENT_TEAM = 45RNLQKCV7;
				GENERATE_INFOPLIST_FILE = YES;
				LD_RUNPATH_SEARCH_PATHS = (
					"$(inherited)",
					"@executable_path/Frameworks",
					"@loader_path/Frameworks",
				);
				MARKETING_VERSION = 1.0;
				PRODUCT_BUNDLE_IDENTIFIER = me.onuryoruk.EssentialFeedAPIEndToEndTests;
				PRODUCT_NAME = "$(TARGET_NAME)";
				SWIFT_EMIT_LOC_STRINGS = NO;
				SWIFT_VERSION = 5.0;
				TARGETED_DEVICE_FAMILY = "1,2";
				TEST_HOST = "$(BUILT_PRODUCTS_DIR)/EssentialFeed.app/EssentialFeed";
			};
			name = Release;
		};
/* End XCBuildConfiguration section */

/* Begin XCConfigurationList section */
		5F8F8EFF2760B5B500585953 /* Build configuration list for PBXProject "EssentialFeed" */ = {
			isa = XCConfigurationList;
			buildConfigurations = (
				5F8F8F2C2760B5B700585953 /* Debug */,
				5F8F8F2D2760B5B700585953 /* Release */,
			);
			defaultConfigurationIsVisible = 0;
			defaultConfigurationName = Release;
		};
		5F8F8F2E2760B5B700585953 /* Build configuration list for PBXNativeTarget "EssentialFeed" */ = {
			isa = XCConfigurationList;
			buildConfigurations = (
				5F8F8F2F2760B5B700585953 /* Debug */,
				5F8F8F302760B5B700585953 /* Release */,
			);
			defaultConfigurationIsVisible = 0;
			defaultConfigurationName = Release;
		};
		5F8F8F312760B5B700585953 /* Build configuration list for PBXNativeTarget "EssentialFeedTests" */ = {
			isa = XCConfigurationList;
			buildConfigurations = (
				5F8F8F322760B5B700585953 /* Debug */,
				5F8F8F332760B5B700585953 /* Release */,
			);
			defaultConfigurationIsVisible = 0;
			defaultConfigurationName = Release;
		};
		5F8F8F342760B5B700585953 /* Build configuration list for PBXNativeTarget "EssentialFeedUITests" */ = {
			isa = XCConfigurationList;
			buildConfigurations = (
				5F8F8F352760B5B700585953 /* Debug */,
				5F8F8F362760B5B700585953 /* Release */,
			);
			defaultConfigurationIsVisible = 0;
			defaultConfigurationName = Release;
		};
		5FA0023D277EAF420015BF25 /* Build configuration list for PBXNativeTarget "EssentialFeedAPIEndToEndTests" */ = {
			isa = XCConfigurationList;
			buildConfigurations = (
				5FA0023B277EAF420015BF25 /* Debug */,
				5FA0023C277EAF420015BF25 /* Release */,
			);
			defaultConfigurationIsVisible = 0;
			defaultConfigurationName = Release;
		};
/* End XCConfigurationList section */
	};
	rootObject = 5F8F8EFC2760B5B500585953 /* Project object */;
}
